{"lock_version":"0.1.0","manifest":{"package":{"name":"zlib-ver","version":"0.1.0","authors":[""],"description":""},"build":{"build_sys":"cmake","build_sys_ver":"3.15","build_dir":null,"edition":"c11","compiler":"clang"},"unit":[{"name":"zlib","kind":"pkg","src":[""],"include":null,"deps":null,"compiler_flags":null,"linker_flags":null},{"name":"zlib-ver","kind":"bin","src":["src/"],"include":null,"deps":null,"compiler_flags":null,"linker_flags":null}]},"files":{}}